# generated by rye
# use `rye lock` or `rye sync` to update this lockfile
#
# last locked with the following flags:
#   pre: false
#   features: []
#   all-features: false
#   with-sources: false

-e file:.
annotated-types==0.7.0
    # via pydantic
iniconfig==2.0.0
    # via pytest
mypy==1.10.0
mypy-extensions==1.0.0
    # via mypy
packaging==24.0
    # via pytest
pluggy==1.5.0
    # via pytest
pydantic==2.7.3
    # via that-game
pydantic-core==2.18.4
    # via pydantic
pytest==8.2.2
ruff==0.4.7
typing-extensions==4.12.1
    # via mypy
    # via pydantic
    # via pydantic-core
