# generated by rye
# use `rye lock` or `rye sync` to update this lockfile
#
# last locked with the following flags:
#   pre: false
#   features: []
#   all-features: false
#   with-sources: false

-e file:.
annotated-types==0.7.0
    # via pydantic
appnope==0.1.4
    # via ipykernel
asttokens==2.4.1
    # via stack-data
certifi==2024.7.4
    # via requests
charset-normalizer==3.3.2
    # via requests
comm==0.2.2
    # via ipykernel
contourpy==1.2.1
    # via matplotlib
cycler==0.12.1
    # via matplotlib
debugpy==1.8.5
    # via ipykernel
decorator==5.1.1
    # via ipython
executing==2.0.1
    # via stack-data
fonttools==4.53.1
    # via matplotlib
idna==3.7
    # via requests
iniconfig==2.0.0
    # via pytest
ipykernel==6.29.5
ipython==8.26.0
    # via ipykernel
jedi==0.19.1
    # via ipython
jupyter-client==8.6.2
    # via ipykernel
jupyter-core==5.7.2
    # via ipykernel
    # via jupyter-client
kiwisolver==1.4.5
    # via matplotlib
matplotlib==3.9.2
    # via mplsoccer
    # via seaborn
    # via that-game
matplotlib-inline==0.1.7
    # via ipykernel
    # via ipython
mplsoccer==1.4.0
    # via that-game
mypy==1.12.1
mypy-extensions==1.0.0
    # via mypy
nest-asyncio==1.6.0
    # via ipykernel
numpy==1.26.4
    # via contourpy
    # via matplotlib
    # via mplsoccer
    # via pandas
    # via scipy
    # via seaborn
packaging==24.0
    # via ipykernel
    # via matplotlib
    # via pytest
pandas==2.2.3
    # via mplsoccer
    # via seaborn
    # via that-game
parso==0.8.4
    # via jedi
pexpect==4.9.0
    # via ipython
pillow==10.4.0
    # via matplotlib
    # via mplsoccer
platformdirs==4.2.2
    # via jupyter-core
pluggy==1.5.0
    # via pytest
prompt-toolkit==3.0.47
    # via ipython
psutil==6.0.0
    # via ipykernel
ptyprocess==0.7.0
    # via pexpect
pure-eval==0.2.3
    # via stack-data
pydantic==2.9.2
    # via that-game
pydantic-core==2.23.4
    # via pydantic
pygments==2.18.0
    # via ipython
pyparsing==3.1.2
    # via matplotlib
pytest==8.3.3
python-dateutil==2.9.0.post0
    # via jupyter-client
    # via matplotlib
    # via pandas
pytz==2024.1
    # via pandas
pyzmq==26.1.1
    # via ipykernel
    # via jupyter-client
requests==2.32.3
    # via mplsoccer
ruff==0.7.0
scipy==1.14.0
    # via mplsoccer
seaborn==0.13.2
    # via mplsoccer
six==1.16.0
    # via asttokens
    # via python-dateutil
stack-data==0.6.3
    # via ipython
tornado==6.4.1
    # via ipykernel
    # via jupyter-client
traitlets==5.14.3
    # via comm
    # via ipykernel
    # via ipython
    # via jupyter-client
    # via jupyter-core
    # via matplotlib-inline
typing-extensions==4.12.1
    # via mypy
    # via pydantic
    # via pydantic-core
tzdata==2024.1
    # via pandas
urllib3==2.2.2
    # via requests
wcwidth==0.2.13
    # via prompt-toolkit
