# generated by rye
# use `rye lock` or `rye sync` to update this lockfile
#
# last locked with the following flags:
#   pre: false
#   features: []
#   all-features: false
#   with-sources: false
#   generate-hashes: false
#   universal: false

-e file:.
annotated-types==0.7.0
    # via pydantic
joblib==1.5.0
    # via scikit-learn
numpy==2.2.5
    # via scikit-learn
    # via scipy
    # via that-game
pydantic==2.11.4
    # via that-game
pydantic-core==2.33.2
    # via pydantic
scikit-learn==1.6.1
    # via that-game
scipy==1.15.2
    # via scikit-learn
threadpoolctl==3.6.0
    # via scikit-learn
typing-extensions==4.13.2
    # via pydantic
    # via pydantic-core
    # via typing-inspection
typing-inspection==0.4.0
    # via pydantic
