# generated by rye
# use `rye lock` or `rye sync` to update this lockfile
#
# last locked with the following flags:
#   pre: false
#   features: []
#   all-features: false
#   with-sources: false
#   generate-hashes: false
#   universal: false

-e file:.
annotated-types==0.7.0
    # via pydantic
certifi==2024.7.4
    # via requests
charset-normalizer==3.3.2
    # via requests
contourpy==1.2.1
    # via matplotlib
cycler==0.12.1
    # via matplotlib
fonttools==4.53.1
    # via matplotlib
idna==3.7
    # via requests
kiwisolver==1.4.5
    # via matplotlib
matplotlib==3.9.2
    # via mplsoccer
    # via seaborn
    # via that-game
mplsoccer==1.4.0
    # via that-game
numpy==1.26.4
    # via contourpy
    # via matplotlib
    # via mplsoccer
    # via pandas
    # via scipy
    # via seaborn
packaging==24.1
    # via matplotlib
pandas==2.2.3
    # via mplsoccer
    # via seaborn
    # via that-game
pillow==10.4.0
    # via matplotlib
    # via mplsoccer
pydantic==2.9.2
    # via that-game
pydantic-core==2.23.4
    # via pydantic
pyparsing==3.1.2
    # via matplotlib
python-dateutil==2.9.0.post0
    # via matplotlib
    # via pandas
pytz==2024.1
    # via pandas
requests==2.32.3
    # via mplsoccer
scipy==1.14.0
    # via mplsoccer
seaborn==0.13.2
    # via mplsoccer
six==1.16.0
    # via python-dateutil
typing-extensions==4.12.2
    # via pydantic
    # via pydantic-core
tzdata==2024.1
    # via pandas
urllib3==2.2.2
    # via requests
